# @generated by Move, please check-in and do not edit manually.

[move]
version = 3
manifest_digest = "DEF164FFEB9E7242597AAD640612D95C59897BF52F9206A891DE92FFBA3BE7B7"
deps_digest = "F8BBB0CCB2491CA29A3DF03D6F92277A4F3574266507ACD77214D37ECA3F3082"
dependencies = [
  { id = "Sui", name = "Sui" },
]

[[move.package]]
id = "MoveStdlib"
source = { git = "https://github.com/MystenLabs/sui.git", rev = "framework/testnet", subdir = "crates/sui-framework/packages/move-stdlib" }

[[move.package]]
id = "Sui"
source = { git = "https://github.com/MystenLabs/sui.git", rev = "framework/testnet", subdir = "crates/sui-framework/packages/sui-framework" }

dependencies = [
  { id = "MoveStdlib", name = "MoveStdlib" },
]

[move.toolchain-version]
compiler-version = "1.56.2"
edition = "2024.beta"
flavor = "sui"

[env]

[env.testnet]
chain-id = "4c78adac"
original-published-id = "0x4fb1cd3aeaa949218679193fb6fb97dba9fc7c60ece41a65b645149299fb3ca9"
latest-published-id = "0x4fb1cd3aeaa949218679193fb6fb97dba9fc7c60ece41a65b645149299fb3ca9"
published-version = "1"
